
Microsoft Visual Studio Solution File, Format Version 12.00
# Visual Studio Version 16
VisualStudioVersion = 16.0.30320.27
MinimumVisualStudioVersion = 10.0.40219.1
Project("{9A19103F-16F7-4668-BE54-9A1E7A4F7556}") = "shopLocalApi", "shopLocalApi\shopLocalApi.csproj", "{A8334BD8-BF14-4BBA-9EF2-0FFE641DFCB5}"
EndProject
Project("{9A19103F-16F7-4668-BE54-9A1E7A4F7556}") = "shopLocalMvc", "shopLocalMvc\shopLocalMvc.csproj", "{7089599F-787C-4B40-8E8D-8C3D30BD4BCE}"
EndProject
Project("{9A19103F-16F7-4668-BE54-9A1E7A4F7556}") = "shopLocalCommonModels", "CommonModels\shopLocalCommonModels.csproj", "{66A3A6F1-69E5-4F2E-94B0-0DE7E403CC10}"
EndProject
Global
	GlobalSection(SolutionConfigurationPlatforms) = preSolution
		Debug|Any CPU = Debug|Any CPU
		Release|Any CPU = Release|Any CPU
	EndGlobalSection
	GlobalSection(ProjectConfigurationPlatforms) = postSolution
		{A8334BD8-BF14-4BBA-9EF2-0FFE641DFCB5}.Debug|Any CPU.ActiveCfg = Debug|Any CPU
		{A8334BD8-BF14-4BBA-9EF2-0FFE641DFCB5}.Debug|Any CPU.Build.0 = Debug|Any CPU
		{A8334BD8-BF14-4BBA-9EF2-0FFE641DFCB5}.Release|Any CPU.ActiveCfg = Release|Any CPU
		{A8334BD8-BF14-4BBA-9EF2-0FFE641DFCB5}.Release|Any CPU.Build.0 = Release|Any CPU
		{7089599F-787C-4B40-8E8D-8C3D30BD4BCE}.Debug|Any CPU.ActiveCfg = Debug|Any CPU
		{7089599F-787C-4B40-8E8D-8C3D30BD4BCE}.Debug|Any CPU.Build.0 = Debug|Any CPU
		{7089599F-787C-4B40-8E8D-8C3D30BD4BCE}.Release|Any CPU.ActiveCfg = Release|Any CPU
		{7089599F-787C-4B40-8E8D-8C3D30BD4BCE}.Release|Any CPU.Build.0 = Release|Any CPU
		{66A3A6F1-69E5-4F2E-94B0-0DE7E403CC10}.Debug|Any CPU.ActiveCfg = Debug|Any CPU
		{66A3A6F1-69E5-4F2E-94B0-0DE7E403CC10}.Debug|Any CPU.Build.0 = Debug|Any CPU
		{66A3A6F1-69E5-4F2E-94B0-0DE7E403CC10}.Release|Any CPU.ActiveCfg = Release|Any CPU
		{66A3A6F1-69E5-4F2E-94B0-0DE7E403CC10}.Release|Any CPU.Build.0 = Release|Any CPU
	EndGlobalSection
	GlobalSection(SolutionProperties) = preSolution
		HideSolutionNode = FALSE
	EndGlobalSection
	GlobalSection(ExtensibilityGlobals) = postSolution
		SolutionGuid = {709F1E02-7D74-4CDB-AF2A-B55C46111E72}
	EndGlobalSection
EndGlobal
